
Microsoft Visual Studio Solution File, Format Version 11.00
# Visual Studio 2010
Project("{2150E333-8FDC-42A3-9474-1A3956D46DE8}") = "Solution Items", "Solution Items", "{EAC40CC8-67C1-40E4-A23B-8254A5B93350}"
	ProjectSection(SolutionItems) = preProject
		LocalTestRun.testrunconfig = LocalTestRun.testrunconfig
		OpenForum.vsmdi = OpenForum.vsmdi
		TODO.txt = TODO.txt
	EndProjectSection
EndProject
Project("{2150E333-8FDC-42A3-9474-1A3956D46DE8}") = "Samples", "Samples", "{4B9A8C72-2943-46FB-99D8-AA9A98C308A5}"
EndProject
Project("{FAE04EC0-301F-11D3-BF4B-00C04F79EFBC}") = "OpenForum.UnitTests", "OpenForum.UnitTests\OpenForum.UnitTests.csproj", "{D7013C4B-985D-4902-ADE3-847364A35287}"
EndProject
Project("{FAE04EC0-301F-11D3-BF4B-00C04F79EFBC}") = "OpenForum", "OpenForum\OpenForum.csproj", "{32353246-5445-425B-B45D-0E721F80E564}"
EndProject
Project("{FAE04EC0-301F-11D3-BF4B-00C04F79EFBC}") = "TEMP", "TEMP\TEMP.csproj", "{2EB449F8-E6C6-4D22-A5B1-FEF0A7B46DE6}"
EndProject
Global
	GlobalSection(TestCaseManagementSettings) = postSolution
		CategoryFile = OpenForum.vsmdi
	EndGlobalSection
	GlobalSection(SolutionConfigurationPlatforms) = preSolution
		Debug|Any CPU = Debug|Any CPU
		Release|Any CPU = Release|Any CPU
	EndGlobalSection
	GlobalSection(ProjectConfigurationPlatforms) = postSolution
		{D7013C4B-985D-4902-ADE3-847364A35287}.Debug|Any CPU.ActiveCfg = Debug|Any CPU
		{D7013C4B-985D-4902-ADE3-847364A35287}.Debug|Any CPU.Build.0 = Debug|Any CPU
		{D7013C4B-985D-4902-ADE3-847364A35287}.Release|Any CPU.ActiveCfg = Release|Any CPU
		{D7013C4B-985D-4902-ADE3-847364A35287}.Release|Any CPU.Build.0 = Release|Any CPU
		{32353246-5445-425B-B45D-0E721F80E564}.Debug|Any CPU.ActiveCfg = Debug|Any CPU
		{32353246-5445-425B-B45D-0E721F80E564}.Debug|Any CPU.Build.0 = Debug|Any CPU
		{32353246-5445-425B-B45D-0E721F80E564}.Release|Any CPU.ActiveCfg = Release|Any CPU
		{32353246-5445-425B-B45D-0E721F80E564}.Release|Any CPU.Build.0 = Release|Any CPU
		{2EB449F8-E6C6-4D22-A5B1-FEF0A7B46DE6}.Debug|Any CPU.ActiveCfg = Debug|Any CPU
		{2EB449F8-E6C6-4D22-A5B1-FEF0A7B46DE6}.Debug|Any CPU.Build.0 = Debug|Any CPU
		{2EB449F8-E6C6-4D22-A5B1-FEF0A7B46DE6}.Release|Any CPU.ActiveCfg = Release|Any CPU
		{2EB449F8-E6C6-4D22-A5B1-FEF0A7B46DE6}.Release|Any CPU.Build.0 = Release|Any CPU
	EndGlobalSection
	GlobalSection(SolutionProperties) = preSolution
		HideSolutionNode = FALSE
	EndGlobalSection
	GlobalSection(NestedProjects) = preSolution
		{2EB449F8-E6C6-4D22-A5B1-FEF0A7B46DE6} = {4B9A8C72-2943-46FB-99D8-AA9A98C308A5}
	EndGlobalSection
EndGlobal
